# THIS IS AN AUTOGENERATED FILE. DO NOT EDIT THIS FILE DIRECTLY.
# yarn lockfile v1


"@types/lodash@^4.14.76":
  version "4.14.76"
  resolved "https://registry.yarnpkg.com/@types/lodash/-/lodash-4.14.76.tgz#87874f766774d54e89589697340be9496fb8bf70"

"@types/node@^8.0.32":
  version "8.0.32"
  resolved "https://registry.yarnpkg.com/@types/node/-/node-8.0.32.tgz#869a716538b6eec65ab3893f183d557be3cda206"

lodash@^4.17.4:
  version "4.17.4"
  resolved "https://registry.yarnpkg.com/lodash/-/lodash-4.17.4.tgz#78203a4d1c328ae1d86dca6460e369b57f4055ae"

typescript@^2.5.3:
  version "2.5.3"
  resolved "https://registry.yarnpkg.com/typescript/-/typescript-2.5.3.tgz#df3dcdc38f3beb800d4bc322646b04a3f6ca7f0d"
